// !$*UTF8*$!
{
	archiveVersion = 1;
	classes = {
	};
	objectVersion = 46;
	objects = {

/* Begin PBXBuildFile section */
		4D745EF11EF7BEB300A96ED9 /* main.m in Sources */ = {isa = PBXBuildFile; fileRef = 4D745EF01EF7BEB300A96ED9 /* main.m */; };
		4D745EF41EF7BEB300A96ED9 /* AppDelegate.m in Sources */ = {isa = PBXBuildFile; fileRef = 4D745EF31EF7BEB300A96ED9 /* AppDelegate.m */; };
		4D745EF71EF7BEB300A96ED9 /* ViewController.m in Sources */ = {isa = PBXBuildFile; fileRef = 4D745EF61EF7BEB300A96ED9 /* ViewController.m */; };
		4D745EFA1EF7BEB300A96ED9 /* Main.storyboard in Resources */ = {isa = PBXBuildFile; fileRef = 4D745EF81EF7BEB300A96ED9 /* Main.storyboard */; };
		4D745EFC1EF7BEB300A96ED9 /* Assets.xcassets in Resources */ = {isa = PBXBuildFile; fileRef = 4D745EFB1EF7BEB300A96ED9 /* Assets.xcassets */; };
		4D745EFF1EF7BEB300A96ED9 /* LaunchScreen.storyboard in Resources */ = {isa = PBXBuildFile; fileRef = 4D745EFD1EF7BEB300A96ED9 /* LaunchScreen.storyboard */; };
		4D745F091EF7C89F00A96ED9 /* HZBTouchID.m in Sources */ = {isa = PBXBuildFile; fileRef = 4D745F081EF7C89E00A96ED9 /* HZBTouchID.m */; };
/* End PBXBuildFile section */

/* Begin PBXFileReference section */
		4D745EEC1EF7BEB300A96ED9 /* TouchID.app */ = {isa = PBXFileReference; explicitFileType = wrapper.application; includeInIndex = 0; path = TouchID.app; sourceTree = BUILT_PRODUCTS_DIR; };
		4D745EF01EF7BEB300A96ED9 /* main.m */ = {isa = PBXFileReference; lastKnownFileType = sourcecode.c.objc; path = main.m; sourceTree = "<group>"; };
		4D745EF21EF7BEB300A96ED9 /* AppDelegate.h */ = {isa = PBXFileReference; lastKnownFileType = sourcecode.c.h; path = AppDelegate.h; sourceTree = "<group>"; };
		4D745EF31EF7BEB300A96ED9 /* AppDelegate.m */ = {isa = PBXFileReference; lastKnownFileType = sourcecode.c.objc; path = AppDelegate.m; sourceTree = "<group>"; };
		4D745EF51EF7BEB300A96ED9 /* ViewController.h */ = {isa = PBXFileReference; lastKnownFileType = sourcecode.c.h; path = ViewController.h; sourceTree = "<group>"; };
		4D745EF61EF7BEB300A96ED9 /* ViewController.m */ = {isa = PBXFileReference; lastKnownFileType = sourcecode.c.objc; path = ViewController.m; sourceTree = "<group>"; };
		4D745EF91EF7BEB300A96ED9 /* Base */ = {isa = PBXFileReference; lastKnownFileType = file.storyboard; name = Base; path = Base.lproj/Main.storyboard; sourceTree = "<group>"; };
		4D745EFB1EF7BEB300A96ED9 /* Assets.xcassets */ = {isa = PBXFileReference; lastKnownFileType = folder.assetcatalog; path = Assets.xcassets; sourceTree = "<group>"; };
		4D745EFE1EF7BEB300A96ED9 /* Base */ = {isa = PBXFileReference; lastKnownFileType = file.storyboard; name = Base; path = Base.lproj/LaunchScreen.storyboard; sourceTree = "<group>"; };
		4D745F001EF7BEB300A96ED9 /* Info.plist */ = {isa = PBXFileReference; lastKnownFileType = text.plist.xml; path = Info.plist; sourceTree = "<group>"; };
		4D745F071EF7C89E00A96ED9 /* HZBTouchID.h */ = {isa = PBXFileReference; fileEncoding = 4; lastKnownFileType = sourcecode.c.h; path = HZBTouchID.h; sourceTree = "<group>"; };
		4D745F081EF7C89E00A96ED9 /* HZBTouchID.m */ = {isa = PBXFileReference; fileEncoding = 4; lastKnownFileType = sourcecode.c.objc; path = HZBTouchID.m; sourceTree = "<group>"; };
/* End PBXFileReference section */

/* Begin PBXFrameworksBuildPhase section */
		4D745EE91EF7BEB300A96ED9 /* Frameworks */ = {
			isa = PBXFrameworksBuildPhase;
			buildActionMask = 2147483647;
			files = (
			);
			runOnlyForDeploymentPostprocessing = 0;
		};
/* End PBXFrameworksBuildPhase section */

/* Begin PBXGroup section */
		4D745EE31EF7BEB300A96ED9 = {
			isa = PBXGroup;
			children = (
				4D745EEE1EF7BEB300A96ED9 /* TouchID */,
				4D745EED1EF7BEB300A96ED9 /* Products */,
			);
			sourceTree = "<group>";
		};
		4D745EED1EF7BEB300A96ED9 /* Products */ = {
			isa = PBXGroup;
			children = (
				4D745EEC1EF7BEB300A96ED9 /* TouchID.app */,
			);
			name = Products;
			sourceTree = "<group>";
		};
		4D745EEE1EF7BEB300A96ED9 /* TouchID */ = {
			isa = PBXGroup;
			children = (
				4D745F061EF7C88700A96ED9 /* TouchID */,
				4D745EF21EF7BEB300A96ED9 /* AppDelegate.h */,
				4D745EF31EF7BEB300A96ED9 /* AppDelegate.m */,
				4D745EF51EF7BEB300A96ED9 /* ViewController.h */,
				4D745EF61EF7BEB300A96ED9 /* ViewController.m */,
				4D745EF81EF7BEB300A96ED9 /* Main.storyboard */,
				4D745EFB1EF7BEB300A96ED9 /* Assets.xcassets */,
				4D745EFD1EF7BEB300A96ED9 /* LaunchScreen.storyboard */,
				4D745F001EF7BEB300A96ED9 /* Info.plist */,
				4D745EEF1EF7BEB300A96ED9 /* Supporting Files */,
			);
			path = TouchID;
			sourceTree = "<group>";
		};
		4D745EEF1EF7BEB300A96ED9 /* Supporting Files */ = {
			isa = PBXGroup;
			children = (
				4D745EF01EF7BEB300A96ED9 /* main.m */,
			);
			name = "Supporting Files";
			sourceTree = "<group>";
		};
		4D745F061EF7C88700A96ED9 /* TouchID */ = {
			isa = PBXGroup;
			children = (
				4D745F071EF7C89E00A96ED9 /* HZBTouchID.h */,
				4D745F081EF7C89E00A96ED9 /* HZBTouchID.m */,
			);
			path = TouchID;
			sourceTree = "<group>";
		};
/* End PBXGroup section */

/* Begin PBXNativeTarget section */
		4D745EEB1EF7BEB300A96ED9 /* TouchID */ = {
			isa = PBXNativeTarget;
			buildConfigurationList = 4D745F031EF7BEB300A96ED9 /* Build configuration list for PBXNativeTarget "TouchID" */;
			buildPhases = (
				4D745EE81EF7BEB300A96ED9 /* Sources */,
				4D745EE91EF7BEB300A96ED9 /* Frameworks */,
				4D745EEA1EF7BEB300A96ED9 /* Resources */,
			);
			buildRules = (
			);
			dependencies = (
			);
			name = TouchID;
			productName = TouchID;
			productReference = 4D745EEC1EF7BEB300A96ED9 /* TouchID.app */;
			productType = "com.apple.product-type.application";
		};
/* End PBXNativeTarget section */

/* Begin PBXProject section */
		4D745EE41EF7BEB300A96ED9 /* Project object */ = {
			isa = PBXProject;
			attributes = {
				LastUpgradeCheck = 0830;
				ORGANIZATIONNAME = "安宁";
				TargetAttributes = {
					4D745EEB1EF7BEB300A96ED9 = {
						CreatedOnToolsVersion = 8.3;
						DevelopmentTeam = 8429SBRZW5;
						ProvisioningStyle = Automatic;
					};
				};
			};
			buildConfigurationList = 4D745EE71EF7BEB300A96ED9 /* Build configuration list for PBXProject "TouchID" */;
			compatibilityVersion = "Xcode 3.2";
			developmentRegion = English;
			hasScannedForEncodings = 0;
			knownRegions = (
				en,
				Base,
			);
			mainGroup = 4D745EE31EF7BEB300A96ED9;
			productRefGroup = 4D745EED1EF7BEB300A96ED9 /* Products */;
			projectDirPath = "";
			projectRoot = "";
			targets = (
				4D745EEB1EF7BEB300A96ED9 /* TouchID */,
			);
		};
/* End PBXProject section */

/* Begin PBXResourcesBuildPhase section */
		4D745EEA1EF7BEB300A96ED9 /* Resources */ = {
			isa = PBXResourcesBuildPhase;
			buildActionMask = 2147483647;
			files = (
				4D745EFF1EF7BEB300A96ED9 /* LaunchScreen.storyboard in Resources */,
				4D745EFC1EF7BEB300A96ED9 /* Assets.xcassets in Resources */,
				4D745EFA1EF7BEB300A96ED9 /* Main.storyboard in Resources */,
			);
			runOnlyForDeploymentPostprocessing = 0;
		};
/* End PBXResourcesBuildPhase section */

/* Begin PBXSourcesBuildPhase section */
		4D745EE81EF7BEB300A96ED9 /* Sources */ = {
			isa = PBXSourcesBuildPhase;
			buildActionMask = 2147483647;
			files = (
				4D745EF71EF7BEB300A96ED9 /* ViewController.m in Sources */,
				4D745EF41EF7BEB300A96ED9 /* AppDelegate.m in Sources */,
				4D745EF11EF7BEB300A96ED9 /* main.m in Sources */,
				4D745F091EF7C89F00A96ED9 /* HZBTouchID.m in Sources */,
			);
			runOnlyForDeploymentPostprocessing = 0;
		};
/* End PBXSourcesBuildPhase section */

/* Begin PBXVariantGroup section */
		4D745EF81EF7BEB300A96ED9 /* Main.storyboard */ = {
			isa = PBXVariantGroup;
			children = (
				4D745EF91EF7BEB300A96ED9 /* Base */,
			);
			name = Main.storyboard;
			sourceTree = "<group>";
		};
		4D745EFD1EF7BEB300A96ED9 /* LaunchScreen.storyboard */ = {
			isa = PBXVariantGroup;
			children = (
				4D745EFE1EF7BEB300A96ED9 /* Base */,
			);
			name = LaunchScreen.storyboard;
			sourceTree = "<group>";
		};
/* End PBXVariantGroup section */

/* Begin XCBuildConfiguration section */
		4D745F011EF7BEB300A96ED9 /* Debug */ = {
			isa = XCBuildConfiguration;
			buildSettings = {
				ALWAYS_SEARCH_USER_PATHS = NO;
				CLANG_ANALYZER_NONNULL = YES;
				CLANG_ANALYZER_NUMBER_OBJECT_CONVERSION = YES_AGGRESSIVE;
				CLANG_CXX_LANGUAGE_STANDARD = "gnu++0x";
				CLANG_CXX_LIBRARY = "libc++";
				CLANG_ENABLE_MODULES = YES;
				CLANG_ENABLE_OBJC_ARC = YES;
				CLANG_WARN_BOOL_CONVERSION = YES;
				CLANG_WARN_CONSTANT_CONVERSION = YES;
				CLANG_WARN_DIRECT_OBJC_ISA_USAGE = YES_ERROR;
				CLANG_WARN_DOCUMENTATION_COMMENTS = YES;
				CLANG_WARN_EMPTY_BODY = YES;
				CLANG_WARN_ENUM_CONVERSION = YES;
				CLANG_WARN_INFINITE_RECURSION = YES;
				CLANG_WARN_INT_CONVERSION = YES;
				CLANG_WARN_OBJC_ROOT_CLASS = YES_ERROR;
				CLANG_WARN_SUSPICIOUS_MOVE = YES;
				CLANG_WARN_UNREACHABLE_CODE = YES;
				CLANG_WARN__DUPLICATE_METHOD_MATCH = YES;
				"CODE_SIGN_IDENTITY[sdk=iphoneos*]" = "iPhone Developer";
				COPY_PHASE_STRIP = NO;
				DEBUG_INFORMATION_FORMAT = dwarf;
				ENABLE_STRICT_OBJC_MSGSEND = YES;
				ENABLE_TESTABILITY = YES;
				GCC_C_LANGUAGE_STANDARD = gnu99;
				GCC_DYNAMIC_NO_PIC = NO;
				GCC_NO_COMMON_BLOCKS = YES;
				GCC_OPTIMIZATION_LEVEL = 0;
				GCC_PREPROCESSOR_DEFINITIONS = (
					"DEBUG=1",
					"$(inherited)",
				);
				GCC_WARN_64_TO_32_BIT_CONVERSION = YES;
				GCC_WARN_ABOUT_RETURN_TYPE = YES_ERROR;
				GCC_WARN_UNDECLARED_SELECTOR = YES;
				GCC_WARN_UNINITIALIZED_AUTOS = YES_AGGRESSIVE;
				GCC_WARN_UNUSED_FUNCTION = YES;
				GCC_WARN_UNUSED_VARIABLE = YES;
				IPHONEOS_DEPLOYMENT_TARGET = 10.3;
				MTL_ENABLE_DEBUG_INFO = YES;
				ONLY_ACTIVE_ARCH = YES;
				SDKROOT = iphoneos;
			};
			name = Debug;
		};
		4D745F021EF7BEB300A96ED9 /* Release */ = {
			isa = XCBuildConfiguration;
			buildSettings = {
				ALWAYS_SEARCH_USER_PATHS = NO;
				CLANG_ANALYZER_NONNULL = YES;
				CLANG_ANALYZER_NUMBER_OBJECT_CONVERSION = YES_AGGRESSIVE;
				CLANG_CXX_LANGUAGE_STANDARD = "gnu++0x";
				CLANG_CXX_LIBRARY = "libc++";
				CLANG_ENABLE_MODULES = YES;
				CLANG_ENABLE_OBJC_ARC = YES;
				CLANG_WARN_BOOL_CONVERSION = YES;
				CLANG_WARN_CONSTANT_CONVERSION = YES;
				CLANG_WARN_DIRECT_OBJC_ISA_USAGE = YES_ERROR;
				CLANG_WARN_DOCUMENTATION_COMMENTS = YES;
				CLANG_WARN_EMPTY_BODY = YES;
				CLANG_WARN_ENUM_CONVERSION = YES;
				CLANG_WARN_INFINITE_RECURSION = YES;
				CLANG_WARN_INT_CONVERSION = YES;
				CLANG_WARN_OBJC_ROOT_CLASS = YES_ERROR;
				CLANG_WARN_SUSPICIOUS_MOVE = YES;
				CLANG_WARN_UNREACHABLE_CODE = YES;
				CLANG_WARN__DUPLICATE_METHOD_MATCH = YES;
				"CODE_SIGN_IDENTITY[sdk=iphoneos*]" = "iPhone Developer";
				COPY_PHASE_STRIP = NO;
				DEBUG_INFORMATION_FORMAT = "dwarf-with-dsym";
				ENABLE_NS_ASSERTIONS = NO;
				ENABLE_STRICT_OBJC_MSGSEND = YES;
				GCC_C_LANGUAGE_STANDARD = gnu99;
				GCC_NO_COMMON_BLOCKS = YES;
				GCC_WARN_64_TO_32_BIT_CONVERSION = YES;
				GCC_WARN_ABOUT_RETURN_TYPE = YES_ERROR;
				GCC_WARN_UNDECLARED_SELECTOR = YES;
				GCC_WARN_UNINITIALIZED_AUTOS = YES_AGGRESSIVE;
				GCC_WARN_UNUSED_FUNCTION = YES;
				GCC_WARN_UNUSED_VARIABLE = YES;
				IPHONEOS_DEPLOYMENT_TARGET = 10.3;
				MTL_ENABLE_DEBUG_INFO = NO;
				SDKROOT = iphoneos;
				VALIDATE_PRODUCT = YES;
			};
			name = Release;
		};
		4D745F041EF7BEB300A96ED9 /* Debug */ = {
			isa = XCBuildConfiguration;
			buildSettings = {
				ASSETCATALOG_COMPILER_APPICON_NAME = AppIcon;
				DEVELOPMENT_TEAM = 8429SBRZW5;
				INFOPLIST_FILE = TouchID/Info.plist;
				LD_RUNPATH_SEARCH_PATHS = "$(inherited) @executable_path/Frameworks";
				PRODUCT_BUNDLE_IDENTIFIER = anning.TouchID;
				PRODUCT_NAME = "$(TARGET_NAME)";
			};
			name = Debug;
		};
		4D745F051EF7BEB300A96ED9 /* Release */ = {
			isa = XCBuildConfiguration;
			buildSettings = {
				ASSETCATALOG_COMPILER_APPICON_NAME = AppIcon;
				DEVELOPMENT_TEAM = 8429SBRZW5;
				INFOPLIST_FILE = TouchID/Info.plist;
				LD_RUNPATH_SEARCH_PATHS = "$(inherited) @executable_path/Frameworks";
				PRODUCT_BUNDLE_IDENTIFIER = anning.TouchID;
				PRODUCT_NAME = "$(TARGET_NAME)";
			};
			name = Release;
		};
/* End XCBuildConfiguration section */

/* Begin XCConfigurationList section */
		4D745EE71EF7BEB300A96ED9 /* Build configuration list for PBXProject "TouchID" */ = {
			isa = XCConfigurationList;
			buildConfigurations = (
				4D745F011EF7BEB300A96ED9 /* Debug */,
				4D745F021EF7BEB300A96ED9 /* Release */,
			);
			defaultConfigurationIsVisible = 0;
			defaultConfigurationName = Release;
		};
		4D745F031EF7BEB300A96ED9 /* Build configuration list for PBXNativeTarget "TouchID" */ = {
			isa = XCConfigurationList;
			buildConfigurations = (
				4D745F041EF7BEB300A96ED9 /* Debug */,
				4D745F051EF7BEB300A96ED9 /* Release */,
			);
			defaultConfigurationIsVisible = 0;
		};
/* End XCConfigurationList section */
	};
	rootObject = 4D745EE41EF7BEB300A96ED9 /* Project object */;
}
